Microsoft Visual Studio Solution File, Format Version 11.00
# Visual Studio 2008

Project("{C6BC9070-577D-6B49-4151-604620504535}") = "Новая папка", "Assembly-CSharp-firstpass.csproj", "{EC9C1728-3314-8B8D-5E59-34BF540C830C}"
EndProject
Project("{C6BC9070-577D-6B49-4151-604620504535}") = "Новая папка", "Assembly-CSharp.csproj", "{3736460C-A752-D3E5-FBDE-13A3DE8D81A9}"
EndProject
Project("{C6BC9070-577D-6B49-4151-604620504535}") = "Новая папка", "Assembly-UnityScript-firstpass.unityproj", "{F5E095FE-0853-DFA2-B68D-5E43240AA04D}"
EndProject
Global
	GlobalSection(SolutionConfigurationPlatforms) = preSolution
		Debug|Any CPU = Debug|Any CPU
		Release|Any CPU = Release|Any CPU
	EndGlobalSection
	GlobalSection(ProjectConfigurationPlatforms) = postSolution
		{EC9C1728-3314-8B8D-5E59-34BF540C830C}.Debug|Any CPU.ActiveCfg = Debug|Any CPU
		{EC9C1728-3314-8B8D-5E59-34BF540C830C}.Debug|Any CPU.Build.0 = Debug|Any CPU
		{EC9C1728-3314-8B8D-5E59-34BF540C830C}.Release|Any CPU.ActiveCfg = Release|Any CPU
		{EC9C1728-3314-8B8D-5E59-34BF540C830C}.Release|Any CPU.Build.0 = Release|Any CPU
		{3736460C-A752-D3E5-FBDE-13A3DE8D81A9}.Debug|Any CPU.ActiveCfg = Debug|Any CPU
		{3736460C-A752-D3E5-FBDE-13A3DE8D81A9}.Debug|Any CPU.Build.0 = Debug|Any CPU
		{3736460C-A752-D3E5-FBDE-13A3DE8D81A9}.Release|Any CPU.ActiveCfg = Release|Any CPU
		{3736460C-A752-D3E5-FBDE-13A3DE8D81A9}.Release|Any CPU.Build.0 = Release|Any CPU
		{F5E095FE-0853-DFA2-B68D-5E43240AA04D}.Debug|Any CPU.ActiveCfg = Debug|Any CPU
		{F5E095FE-0853-DFA2-B68D-5E43240AA04D}.Debug|Any CPU.Build.0 = Debug|Any CPU
		{F5E095FE-0853-DFA2-B68D-5E43240AA04D}.Release|Any CPU.ActiveCfg = Release|Any CPU
		{F5E095FE-0853-DFA2-B68D-5E43240AA04D}.Release|Any CPU.Build.0 = Release|Any CPU
	EndGlobalSection
	GlobalSection(SolutionProperties) = preSolution
		HideSolutionNode = FALSE
	EndGlobalSection
																																			GlobalSection(MonoDevelopProperties) = preSolution
		StartupItem = Assembly-CSharp.csproj
		Policies = $0
		$0.TextStylePolicy = $1
		$1.inheritsSet = null
		$1.scope = text/x-csharp
		$0.CSharpFormattingPolicy = $2
		$2.inheritsSet = Mono
		$2.inheritsScope = text/x-csharp
		$2.scope = text/x-csharp
		$0.TextStylePolicy = $3
		$3.FileWidth = 120
		$3.TabWidth = 4
		$3.EolMarker = Unix
		$3.inheritsSet = Mono
		$3.inheritsScope = text/plain
		$3.scope = text/plain
	EndGlobalSection

EndGlobal
